{
    "name": "vscode-elixir-snippets",
    "version": "0.0.21",
    "lockfileVersion": 1,
    "requires": true,
    "dependencies": {
        "q": {
            "version": "1.5.1",
            "resolved": "https://registry.npmjs.org/q/-/q-1.5.1.tgz",
            "integrity": "sha1-fjL3W0E4EpHQRhHxvxQQmsAGUdc="
        },
        "tunnel": {
            "version": "0.0.4",
            "resolved": "https://registry.npmjs.org/tunnel/-/tunnel-0.0.4.tgz",
            "integrity": "sha1-LTeFoVjBdMmhbcLARuxfxfF0IhM="
        },
        "typed-rest-client": {
            "version": "0.9.0",
            "resolved": "https://registry.npmjs.org/typed-rest-client/-/typed-rest-client-0.9.0.tgz",
            "integrity": "sha1-92jMDcP06VDwbgSCXDaz54NKofI=",
            "requires": {
                "tunnel": "0.0.4",
                "underscore": "1.8.3"
            }
        },
        "underscore": {
            "version": "1.8.3",
            "resolved": "https://registry.npmjs.org/underscore/-/underscore-1.8.3.tgz",
            "integrity": "sha1-Tz+1OxBuYJf8+ctBCfKl6b36UCI="
        },
        "vso-node-api": {
            "version": "6.1.2-preview",
            "resolved": "https://registry.npmjs.org/vso-node-api/-/vso-node-api-6.1.2-preview.tgz",
            "integrity": "sha1-qrNUbfJFHs2JTgcbuZtd8Zxfp48=",
            "requires": {
                "q": "1.5.1",
                "tunnel": "0.0.4",
                "typed-rest-client": "0.9.0",
                "underscore": "1.8.3"
            }
        }
    }
}
